
Microsoft Visual Studio Solution File, Format Version 12.00
# Visual Studio Version 17
VisualStudioVersion = 17.11.35222.181
MinimumVisualStudioVersion = 10.0.40219.1
Project("{F184B08F-C81C-45F6-A57F-5ABD9991F28F}") = "First Program", "First Program\First Program.vbproj", "{60FE28B8-6227-49B9-8DFE-637F9552B00A}"
EndProject
Global
	GlobalSection(SolutionConfigurationPlatforms) = preSolution
		Debug|Any CPU = Debug|Any CPU
		Release|Any CPU = Release|Any CPU
	EndGlobalSection
	GlobalSection(ProjectConfigurationPlatforms) = postSolution
		{60FE28B8-6227-49B9-8DFE-637F9552B00A}.Debug|Any CPU.ActiveCfg = Debug|Any CPU
		{60FE28B8-6227-49B9-8DFE-637F9552B00A}.Debug|Any CPU.Build.0 = Debug|Any CPU
		{60FE28B8-6227-49B9-8DFE-637F9552B00A}.Release|Any CPU.ActiveCfg = Release|Any CPU
		{60FE28B8-6227-49B9-8DFE-637F9552B00A}.Release|Any CPU.Build.0 = Release|Any CPU
	EndGlobalSection
	GlobalSection(SolutionProperties) = preSolution
		HideSolutionNode = FALSE
	EndGlobalSection
	GlobalSection(ExtensibilityGlobals) = postSolution
		SolutionGuid = {8542559B-4E0A-49CC-8E00-2C02D92E30ED}
	EndGlobalSection
EndGlobal
